
Microsoft Visual Studio Solution File, Format Version 12.00
# Visual Studio Version 17
VisualStudioVersion = 17.8.34408.163
MinimumVisualStudioVersion = 10.0.40219.1
Project("{8BC9CEB8-8B4A-11D0-8D11-00A0C91BC942}") = "HB_Client", "HB_Client.vcxproj", "{06D47FEF-2965-431F-9594-CA57F5EA0DC1}"
EndProject
Global
	GlobalSection(SolutionConfigurationPlatforms) = preSolution
		Debug|x64 = Debug|x64
		Debug|x86 = Debug|x86
		Release|x64 = Release|x64
		Release|x86 = Release|x86
	EndGlobalSection
	GlobalSection(ProjectConfigurationPlatforms) = postSolution
		{06D47FEF-2965-431F-9594-CA57F5EA0DC1}.Debug|x64.ActiveCfg = Debug|x64
		{06D47FEF-2965-431F-9594-CA57F5EA0DC1}.Debug|x64.Build.0 = Debug|x64
		{06D47FEF-2965-431F-9594-CA57F5EA0DC1}.Debug|x86.ActiveCfg = Debug|Win32
		{06D47FEF-2965-431F-9594-CA57F5EA0DC1}.Debug|x86.Build.0 = Debug|Win32
		{06D47FEF-2965-431F-9594-CA57F5EA0DC1}.Release|x64.ActiveCfg = Release|x64
		{06D47FEF-2965-431F-9594-CA57F5EA0DC1}.Release|x64.Build.0 = Release|x64
		{06D47FEF-2965-431F-9594-CA57F5EA0DC1}.Release|x86.ActiveCfg = Release|Win32
		{06D47FEF-2965-431F-9594-CA57F5EA0DC1}.Release|x86.Build.0 = Release|Win32
	EndGlobalSection
	GlobalSection(SolutionProperties) = preSolution
		HideSolutionNode = FALSE
	EndGlobalSection
	GlobalSection(ExtensibilityGlobals) = postSolution
		SolutionGuid = {2FA9DF36-DF16-4D54-A590-0FA521D1B7FA}
	EndGlobalSection
EndGlobal
